
Microsoft Visual Studio Solution File, Format Version 12.00
# Visual Studio Version 16
VisualStudioVersion = 16.0.32510.428
MinimumVisualStudioVersion = 10.0.40219.1
Project("{FAE04EC0-301F-11D3-BF4B-00C04F79EFBC}") = "Pingouin", "Pingouin\Pingouin.csproj", "{A013B650-8602-48F2-92EC-82BFBCE213C3}"
EndProject
Global
	GlobalSection(SolutionConfigurationPlatforms) = preSolution
		Debug|Any CPU = Debug|Any CPU
		Release|Any CPU = Release|Any CPU
	EndGlobalSection
	GlobalSection(ProjectConfigurationPlatforms) = postSolution
		{A013B650-8602-48F2-92EC-82BFBCE213C3}.Debug|Any CPU.ActiveCfg = Debug|Any CPU
		{A013B650-8602-48F2-92EC-82BFBCE213C3}.Debug|Any CPU.Build.0 = Debug|Any CPU
		{A013B650-8602-48F2-92EC-82BFBCE213C3}.Release|Any CPU.ActiveCfg = Release|Any CPU
		{A013B650-8602-48F2-92EC-82BFBCE213C3}.Release|Any CPU.Build.0 = Release|Any CPU
	EndGlobalSection
	GlobalSection(SolutionProperties) = preSolution
		HideSolutionNode = FALSE
	EndGlobalSection
	GlobalSection(ExtensibilityGlobals) = postSolution
		SolutionGuid = {F7C7DEB1-51A4-41A7-9DE5-9F6A87E8D9F7}
	EndGlobalSection
EndGlobal
